
Microsoft Visual Studio Solution File, Format Version 12.00
# Visual Studio Version 17
VisualStudioVersion = 17.13.35818.85 d17.13
MinimumVisualStudioVersion = 10.0.40219.1
Project("{FAE04EC0-301F-11D3-BF4B-00C04F79EFBC}") = "ProductManagementRazorPages", "ProductManagementRazorPages\ProductManagementRazorPages.csproj", "{DF013974-5E7B-4F60-930E-A2C484C53655}"
EndProject
Project("{FAE04EC0-301F-11D3-BF4B-00C04F79EFBC}") = "BusinessObjects", "BusinessObjects\BusinessObjects.csproj", "{93CD4ABD-C802-46C6-88AB-F7687714E3F6}"
EndProject
Project("{FAE04EC0-301F-11D3-BF4B-00C04F79EFBC}") = "DataAccessObjects", "DataAccessObjects\DataAccessObjects.csproj", "{EC7384CB-C175-49AB-ABCC-F53B34B5EFCC}"
EndProject
Project("{FAE04EC0-301F-11D3-BF4B-00C04F79EFBC}") = "Repositories", "Repositories\Repositories.csproj", "{3C6FE0CC-C502-459A-9599-A0AE5E65FD6F}"
EndProject
Project("{FAE04EC0-301F-11D3-BF4B-00C04F79EFBC}") = "Services", "Services\Services.csproj", "{1DE00F1C-D229-4DD4-89AE-F4860DC4F975}"
EndProject
Global
	GlobalSection(SolutionConfigurationPlatforms) = preSolution
		Debug|Any CPU = Debug|Any CPU
		Release|Any CPU = Release|Any CPU
	EndGlobalSection
	GlobalSection(ProjectConfigurationPlatforms) = postSolution
		{DF013974-5E7B-4F60-930E-A2C484C53655}.Debug|Any CPU.ActiveCfg = Debug|Any CPU
		{DF013974-5E7B-4F60-930E-A2C484C53655}.Debug|Any CPU.Build.0 = Debug|Any CPU
		{DF013974-5E7B-4F60-930E-A2C484C53655}.Release|Any CPU.ActiveCfg = Release|Any CPU
		{DF013974-5E7B-4F60-930E-A2C484C53655}.Release|Any CPU.Build.0 = Release|Any CPU
		{93CD4ABD-C802-46C6-88AB-F7687714E3F6}.Debug|Any CPU.ActiveCfg = Debug|Any CPU
		{93CD4ABD-C802-46C6-88AB-F7687714E3F6}.Debug|Any CPU.Build.0 = Debug|Any CPU
		{93CD4ABD-C802-46C6-88AB-F7687714E3F6}.Release|Any CPU.ActiveCfg = Release|Any CPU
		{93CD4ABD-C802-46C6-88AB-F7687714E3F6}.Release|Any CPU.Build.0 = Release|Any CPU
		{EC7384CB-C175-49AB-ABCC-F53B34B5EFCC}.Debug|Any CPU.ActiveCfg = Debug|Any CPU
		{EC7384CB-C175-49AB-ABCC-F53B34B5EFCC}.Debug|Any CPU.Build.0 = Debug|Any CPU
		{EC7384CB-C175-49AB-ABCC-F53B34B5EFCC}.Release|Any CPU.ActiveCfg = Release|Any CPU
		{EC7384CB-C175-49AB-ABCC-F53B34B5EFCC}.Release|Any CPU.Build.0 = Release|Any CPU
		{3C6FE0CC-C502-459A-9599-A0AE5E65FD6F}.Debug|Any CPU.ActiveCfg = Debug|Any CPU
		{3C6FE0CC-C502-459A-9599-A0AE5E65FD6F}.Debug|Any CPU.Build.0 = Debug|Any CPU
		{3C6FE0CC-C502-459A-9599-A0AE5E65FD6F}.Release|Any CPU.ActiveCfg = Release|Any CPU
		{3C6FE0CC-C502-459A-9599-A0AE5E65FD6F}.Release|Any CPU.Build.0 = Release|Any CPU
		{1DE00F1C-D229-4DD4-89AE-F4860DC4F975}.Debug|Any CPU.ActiveCfg = Debug|Any CPU
		{1DE00F1C-D229-4DD4-89AE-F4860DC4F975}.Debug|Any CPU.Build.0 = Debug|Any CPU
		{1DE00F1C-D229-4DD4-89AE-F4860DC4F975}.Release|Any CPU.ActiveCfg = Release|Any CPU
		{1DE00F1C-D229-4DD4-89AE-F4860DC4F975}.Release|Any CPU.Build.0 = Release|Any CPU
	EndGlobalSection
	GlobalSection(SolutionProperties) = preSolution
		HideSolutionNode = FALSE
	EndGlobalSection
	GlobalSection(ExtensibilityGlobals) = postSolution
		SolutionGuid = {A04C2887-BC59-40B8-BA0F-78F4EE48E231}
	EndGlobalSection
EndGlobal
